// !$*UTF8*$!
{
	archiveVersion = 1;
	classes = {
	};
	objectVersion = 55;
	objects = {

/* Begin PBXBuildFile section */
		A2130E3127EBAECA00888DF9 /* AppDelegate.swift in Sources */ = {isa = PBXBuildFile; fileRef = A2130E3027EBAECA00888DF9 /* AppDelegate.swift */; };
		A2130E3327EBAECA00888DF9 /* SceneDelegate.swift in Sources */ = {isa = PBXBuildFile; fileRef = A2130E3227EBAECA00888DF9 /* SceneDelegate.swift */; };
		A2130E3527EBAECA00888DF9 /* ViewController.swift in Sources */ = {isa = PBXBuildFile; fileRef = A2130E3427EBAECA00888DF9 /* ViewController.swift */; };
		A2130E3827EBAECA00888DF9 /* Main.storyboard in Resources */ = {isa = PBXBuildFile; fileRef = A2130E3627EBAECA00888DF9 /* Main.storyboard */; };
		A2130E3A27EBAECB00888DF9 /* Assets.xcassets in Resources */ = {isa = PBXBuildFile; fileRef = A2130E3927EBAECB00888DF9 /* Assets.xcassets */; };
		A2130E3D27EBAECB00888DF9 /* LaunchScreen.storyboard in Resources */ = {isa = PBXBuildFile; fileRef = A2130E3B27EBAECB00888DF9 /* LaunchScreen.storyboard */; };
		A2130E4827EBAECB00888DF9 /* Get_In_AppTests.swift in Sources */ = {isa = PBXBuildFile; fileRef = A2130E4727EBAECB00888DF9 /* Get_In_AppTests.swift */; };
		A2130E5227EBAECB00888DF9 /* Get_In_AppUITests.swift in Sources */ = {isa = PBXBuildFile; fileRef = A2130E5127EBAECB00888DF9 /* Get_In_AppUITests.swift */; };
		A2130E5427EBAECB00888DF9 /* Get_In_AppUITestsLaunchTests.swift in Sources */ = {isa = PBXBuildFile; fileRef = A2130E5327EBAECB00888DF9 /* Get_In_AppUITestsLaunchTests.swift */; };
/* End PBXBuildFile section */

/* Begin PBXContainerItemProxy section */
		A2130E4427EBAECB00888DF9 /* PBXContainerItemProxy */ = {
			isa = PBXContainerItemProxy;
			containerPortal = A2130E2527EBAECA00888DF9 /* Project object */;
			proxyType = 1;
			remoteGlobalIDString = A2130E2C27EBAECA00888DF9;
			remoteInfo = "Get In App";
		};
		A2130E4E27EBAECB00888DF9 /* PBXContainerItemProxy */ = {
			isa = PBXContainerItemProxy;
			containerPortal = A2130E2527EBAECA00888DF9 /* Project object */;
			proxyType = 1;
			remoteGlobalIDString = A2130E2C27EBAECA00888DF9;
			remoteInfo = "Get In App";
		};
/* End PBXContainerItemProxy section */

/* Begin PBXFileReference section */
		A2130E2D27EBAECA00888DF9 /* Get In App.app */ = {isa = PBXFileReference; explicitFileType = wrapper.application; includeInIndex = 0; path = "Get In App.app"; sourceTree = BUILT_PRODUCTS_DIR; };
		A2130E3027EBAECA00888DF9 /* AppDelegate.swift */ = {isa = PBXFileReference; lastKnownFileType = sourcecode.swift; path = AppDelegate.swift; sourceTree = "<group>"; };
		A2130E3227EBAECA00888DF9 /* SceneDelegate.swift */ = {isa = PBXFileReference; lastKnownFileType = sourcecode.swift; path = SceneDelegate.swift; sourceTree = "<group>"; };
		A2130E3427EBAECA00888DF9 /* ViewController.swift */ = {isa = PBXFileReference; lastKnownFileType = sourcecode.swift; path = ViewController.swift; sourceTree = "<group>"; };
		A2130E3727EBAECA00888DF9 /* Base */ = {isa = PBXFileReference; lastKnownFileType = file.storyboard; name = Base; path = Base.lproj/Main.storyboard; sourceTree = "<group>"; };
		A2130E3927EBAECB00888DF9 /* Assets.xcassets */ = {isa = PBXFileReference; lastKnownFileType = folder.assetcatalog; path = Assets.xcassets; sourceTree = "<group>"; };
		A2130E3C27EBAECB00888DF9 /* Base */ = {isa = PBXFileReference; lastKnownFileType = file.storyboard; name = Base; path = Base.lproj/LaunchScreen.storyboard; sourceTree = "<group>"; };
		A2130E3E27EBAECB00888DF9 /* Info.plist */ = {isa = PBXFileReference; lastKnownFileType = text.plist.xml; path = Info.plist; sourceTree = "<group>"; };
		A2130E4327EBAECB00888DF9 /* Get In AppTests.xctest */ = {isa = PBXFileReference; explicitFileType = wrapper.cfbundle; includeInIndex = 0; path = "Get In AppTests.xctest"; sourceTree = BUILT_PRODUCTS_DIR; };
		A2130E4727EBAECB00888DF9 /* Get_In_AppTests.swift */ = {isa = PBXFileReference; lastKnownFileType = sourcecode.swift; path = Get_In_AppTests.swift; sourceTree = "<group>"; };
		A2130E4D27EBAECB00888DF9 /* Get In AppUITests.xctest */ = {isa = PBXFileReference; explicitFileType = wrapper.cfbundle; includeInIndex = 0; path = "Get In AppUITests.xctest"; sourceTree = BUILT_PRODUCTS_DIR; };
		A2130E5127EBAECB00888DF9 /* Get_In_AppUITests.swift */ = {isa = PBXFileReference; lastKnownFileType = sourcecode.swift; path = Get_In_AppUITests.swift; sourceTree = "<group>"; };
		A2130E5327EBAECB00888DF9 /* Get_In_AppUITestsLaunchTests.swift */ = {isa = PBXFileReference; lastKnownFileType = sourcecode.swift; path = Get_In_AppUITestsLaunchTests.swift; sourceTree = "<group>"; };
/* End PBXFileReference section */

/* Begin PBXFrameworksBuildPhase section */
		A2130E2A27EBAECA00888DF9 /* Frameworks */ = {
			isa = PBXFrameworksBuildPhase;
			buildActionMask = 2147483647;
			files = (
			);
			runOnlyForDeploymentPostprocessing = 0;
		};
		A2130E4027EBAECB00888DF9 /* Frameworks */ = {
			isa = PBXFrameworksBuildPhase;
			buildActionMask = 2147483647;
			files = (
			);
			runOnlyForDeploymentPostprocessing = 0;
		};
		A2130E4A27EBAECB00888DF9 /* Frameworks */ = {
			isa = PBXFrameworksBuildPhase;
			buildActionMask = 2147483647;
			files = (
			);
			runOnlyForDeploymentPostprocessing = 0;
		};
/* End PBXFrameworksBuildPhase section */

/* Begin PBXGroup section */
		A2130E2427EBAECA00888DF9 = {
			isa = PBXGroup;
			children = (
				A2130E2F27EBAECA00888DF9 /* Get In App */,
				A2130E4627EBAECB00888DF9 /* Get In AppTests */,
				A2130E5027EBAECB00888DF9 /* Get In AppUITests */,
				A2130E2E27EBAECA00888DF9 /* Products */,
			);
			sourceTree = "<group>";
		};
		A2130E2E27EBAECA00888DF9 /* Products */ = {
			isa = PBXGroup;
			children = (
				A2130E2D27EBAECA00888DF9 /* Get In App.app */,
				A2130E4327EBAECB00888DF9 /* Get In AppTests.xctest */,
				A2130E4D27EBAECB00888DF9 /* Get In AppUITests.xctest */,
			);
			name = Products;
			sourceTree = "<group>";
		};
		A2130E2F27EBAECA00888DF9 /* Get In App */ = {
			isa = PBXGroup;
			children = (
				A2130E3027EBAECA00888DF9 /* AppDelegate.swift */,
				A2130E3227EBAECA00888DF9 /* SceneDelegate.swift */,
				A2130E3427EBAECA00888DF9 /* ViewController.swift */,
				A2130E3627EBAECA00888DF9 /* Main.storyboard */,
				A2130E3927EBAECB00888DF9 /* Assets.xcassets */,
				A2130E3B27EBAECB00888DF9 /* LaunchScreen.storyboard */,
				A2130E3E27EBAECB00888DF9 /* Info.plist */,
			);
			path = "Get In App";
			sourceTree = "<group>";
		};
		A2130E4627EBAECB00888DF9 /* Get In AppTests */ = {
			isa = PBXGroup;
			children = (
				A2130E4727EBAECB00888DF9 /* Get_In_AppTests.swift */,
			);
			path = "Get In AppTests";
			sourceTree = "<group>";
		};
		A2130E5027EBAECB00888DF9 /* Get In AppUITests */ = {
			isa = PBXGroup;
			children = (
				A2130E5127EBAECB00888DF9 /* Get_In_AppUITests.swift */,
				A2130E5327EBAECB00888DF9 /* Get_In_AppUITestsLaunchTests.swift */,
			);
			path = "Get In AppUITests";
			sourceTree = "<group>";
		};
/* End PBXGroup section */

/* Begin PBXNativeTarget section */
		A2130E2C27EBAECA00888DF9 /* Get In App */ = {
			isa = PBXNativeTarget;
			buildConfigurationList = A2130E5727EBAECB00888DF9 /* Build configuration list for PBXNativeTarget "Get In App" */;
			buildPhases = (
				A2130E2927EBAECA00888DF9 /* Sources */,
				A2130E2A27EBAECA00888DF9 /* Frameworks */,
				A2130E2B27EBAECA00888DF9 /* Resources */,
			);
			buildRules = (
			);
			dependencies = (
			);
			name = "Get In App";
			productName = "Get In App";
			productReference = A2130E2D27EBAECA00888DF9 /* Get In App.app */;
			productType = "com.apple.product-type.application";
		};
		A2130E4227EBAECB00888DF9 /* Get In AppTests */ = {
			isa = PBXNativeTarget;
			buildConfigurationList = A2130E5A27EBAECB00888DF9 /* Build configuration list for PBXNativeTarget "Get In AppTests" */;
			buildPhases = (
				A2130E3F27EBAECB00888DF9 /* Sources */,
				A2130E4027EBAECB00888DF9 /* Frameworks */,
				A2130E4127EBAECB00888DF9 /* Resources */,
			);
			buildRules = (
			);
			dependencies = (
				A2130E4527EBAECB00888DF9 /* PBXTargetDependency */,
			);
			name = "Get In AppTests";
			productName = "Get In AppTests";
			productReference = A2130E4327EBAECB00888DF9 /* Get In AppTests.xctest */;
			productType = "com.apple.product-type.bundle.unit-test";
		};
		A2130E4C27EBAECB00888DF9 /* Get In AppUITests */ = {
			isa = PBXNativeTarget;
			buildConfigurationList = A2130E5D27EBAECB00888DF9 /* Build configuration list for PBXNativeTarget "Get In AppUITests" */;
			buildPhases = (
				A2130E4927EBAECB00888DF9 /* Sources */,
				A2130E4A27EBAECB00888DF9 /* Frameworks */,
				A2130E4B27EBAECB00888DF9 /* Resources */,
			);
			buildRules = (
			);
			dependencies = (
				A2130E4F27EBAECB00888DF9 /* PBXTargetDependency */,
			);
			name = "Get In AppUITests";
			productName = "Get In AppUITests";
			productReference = A2130E4D27EBAECB00888DF9 /* Get In AppUITests.xctest */;
			productType = "com.apple.product-type.bundle.ui-testing";
		};
/* End PBXNativeTarget section */

/* Begin PBXProject section */
		A2130E2527EBAECA00888DF9 /* Project object */ = {
			isa = PBXProject;
			attributes = {
				BuildIndependentTargetsInParallel = 1;
				LastSwiftUpdateCheck = 1320;
				LastUpgradeCheck = 1320;
				TargetAttributes = {
					A2130E2C27EBAECA00888DF9 = {
						CreatedOnToolsVersion = 13.2.1;
					};
					A2130E4227EBAECB00888DF9 = {
						CreatedOnToolsVersion = 13.2.1;
						TestTargetID = A2130E2C27EBAECA00888DF9;
					};
					A2130E4C27EBAECB00888DF9 = {
						CreatedOnToolsVersion = 13.2.1;
						TestTargetID = A2130E2C27EBAECA00888DF9;
					};
				};
			};
			buildConfigurationList = A2130E2827EBAECA00888DF9 /* Build configuration list for PBXProject "Get In App" */;
			compatibilityVersion = "Xcode 13.0";
			developmentRegion = en;
			hasScannedForEncodings = 0;
			knownRegions = (
				en,
				Base,
			);
			mainGroup = A2130E2427EBAECA00888DF9;
			productRefGroup = A2130E2E27EBAECA00888DF9 /* Products */;
			projectDirPath = "";
			projectRoot = "";
			targets = (
				A2130E2C27EBAECA00888DF9 /* Get In App */,
				A2130E4227EBAECB00888DF9 /* Get In AppTests */,
				A2130E4C27EBAECB00888DF9 /* Get In AppUITests */,
			);
		};
/* End PBXProject section */

/* Begin PBXResourcesBuildPhase section */
		A2130E2B27EBAECA00888DF9 /* Resources */ = {
			isa = PBXResourcesBuildPhase;
			buildActionMask = 2147483647;
			files = (
				A2130E3D27EBAECB00888DF9 /* LaunchScreen.storyboard in Resources */,
				A2130E3A27EBAECB00888DF9 /* Assets.xcassets in Resources */,
				A2130E3827EBAECA00888DF9 /* Main.storyboard in Resources */,
			);
			runOnlyForDeploymentPostprocessing = 0;
		};
		A2130E4127EBAECB00888DF9 /* Resources */ = {
			isa = PBXResourcesBuildPhase;
			buildActionMask = 2147483647;
			files = (
			);
			runOnlyForDeploymentPostprocessing = 0;
		};
		A2130E4B27EBAECB00888DF9 /* Resources */ = {
			isa = PBXResourcesBuildPhase;
			buildActionMask = 2147483647;
			files = (
			);
			runOnlyForDeploymentPostprocessing = 0;
		};
/* End PBXResourcesBuildPhase section */

/* Begin PBXSourcesBuildPhase section */
		A2130E2927EBAECA00888DF9 /* Sources */ = {
			isa = PBXSourcesBuildPhase;
			buildActionMask = 2147483647;
			files = (
				A2130E3527EBAECA00888DF9 /* ViewController.swift in Sources */,
				A2130E3127EBAECA00888DF9 /* AppDelegate.swift in Sources */,
				A2130E3327EBAECA00888DF9 /* SceneDelegate.swift in Sources */,
			);
			runOnlyForDeploymentPostprocessing = 0;
		};
		A2130E3F27EBAECB00888DF9 /* Sources */ = {
			isa = PBXSourcesBuildPhase;
			buildActionMask = 2147483647;
			files = (
				A2130E4827EBAECB00888DF9 /* Get_In_AppTests.swift in Sources */,
			);
			runOnlyForDeploymentPostprocessing = 0;
		};
		A2130E4927EBAECB00888DF9 /* Sources */ = {
			isa = PBXSourcesBuildPhase;
			buildActionMask = 2147483647;
			files = (
				A2130E5427EBAECB00888DF9 /* Get_In_AppUITestsLaunchTests.swift in Sources */,
				A2130E5227EBAECB00888DF9 /* Get_In_AppUITests.swift in Sources */,
			);
			runOnlyForDeploymentPostprocessing = 0;
		};
/* End PBXSourcesBuildPhase section */

/* Begin PBXTargetDependency section */
		A2130E4527EBAECB00888DF9 /* PBXTargetDependency */ = {
			isa = PBXTargetDependency;
			target = A2130E2C27EBAECA00888DF9 /* Get In App */;
			targetProxy = A2130E4427EBAECB00888DF9 /* PBXContainerItemProxy */;
		};
		A2130E4F27EBAECB00888DF9 /* PBXTargetDependency */ = {
			isa = PBXTargetDependency;
			target = A2130E2C27EBAECA00888DF9 /* Get In App */;
			targetProxy = A2130E4E27EBAECB00888DF9 /* PBXContainerItemProxy */;
		};
/* End PBXTargetDependency section */

/* Begin PBXVariantGroup section */
		A2130E3627EBAECA00888DF9 /* Main.storyboard */ = {
			isa = PBXVariantGroup;
			children = (
				A2130E3727EBAECA00888DF9 /* Base */,
			);
			name = Main.storyboard;
			sourceTree = "<group>";
		};
		A2130E3B27EBAECB00888DF9 /* LaunchScreen.storyboard */ = {
			isa = PBXVariantGroup;
			children = (
				A2130E3C27EBAECB00888DF9 /* Base */,
			);
			name = LaunchScreen.storyboard;
			sourceTree = "<group>";
		};
/* End PBXVariantGroup section */

/* Begin XCBuildConfiguration section */
		A2130E5527EBAECB00888DF9 /* Debug */ = {
			isa = XCBuildConfiguration;
			buildSettings = {
				ALWAYS_SEARCH_USER_PATHS = NO;
				CLANG_ANALYZER_NONNULL = YES;
				CLANG_ANALYZER_NUMBER_OBJECT_CONVERSION = YES_AGGRESSIVE;
				CLANG_CXX_LANGUAGE_STANDARD = "gnu++17";
				CLANG_CXX_LIBRARY = "libc++";
				CLANG_ENABLE_MODULES = YES;
				CLANG_ENABLE_OBJC_ARC = YES;
				CLANG_ENABLE_OBJC_WEAK = YES;
				CLANG_WARN_BLOCK_CAPTURE_AUTORELEASING = YES;
				CLANG_WARN_BOOL_CONVERSION = YES;
				CLANG_WARN_COMMA = YES;
				CLANG_WARN_CONSTANT_CONVERSION = YES;
				CLANG_WARN_DEPRECATED_OBJC_IMPLEMENTATIONS = YES;
				CLANG_WARN_DIRECT_OBJC_ISA_USAGE = YES_ERROR;
				CLANG_WARN_DOCUMENTATION_COMMENTS = YES;
				CLANG_WARN_EMPTY_BODY = YES;
				CLANG_WARN_ENUM_CONVERSION = YES;
				CLANG_WARN_INFINITE_RECURSION = YES;
				CLANG_WARN_INT_CONVERSION = YES;
				CLANG_WARN_NON_LITERAL_NULL_CONVERSION = YES;
				CLANG_WARN_OBJC_IMPLICIT_RETAIN_SELF = YES;
				CLANG_WARN_OBJC_LITERAL_CONVERSION = YES;
				CLANG_WARN_OBJC_ROOT_CLASS = YES_ERROR;
				CLANG_WARN_QUOTED_INCLUDE_IN_FRAMEWORK_HEADER = YES;
				CLANG_WARN_RANGE_LOOP_ANALYSIS = YES;
				CLANG_WARN_STRICT_PROTOTYPES = YES;
				CLANG_WARN_SUSPICIOUS_MOVE = YES;
				CLANG_WARN_UNGUARDED_AVAILABILITY = YES_AGGRESSIVE;
				CLANG_WARN_UNREACHABLE_CODE = YES;
				CLANG_WARN__DUPLICATE_METHOD_MATCH = YES;
				COPY_PHASE_STRIP = NO;
				DEBUG_INFORMATION_FORMAT = dwarf;
				ENABLE_STRICT_OBJC_MSGSEND = YES;
				ENABLE_TESTABILITY = YES;
				GCC_C_LANGUAGE_STANDARD = gnu11;
				GCC_DYNAMIC_NO_PIC = NO;
				GCC_NO_COMMON_BLOCKS = YES;
				GCC_OPTIMIZATION_LEVEL = 0;
				GCC_PREPROCESSOR_DEFINITIONS = (
					"DEBUG=1",
					"$(inherited)",
				);
				GCC_WARN_64_TO_32_BIT_CONVERSION = YES;
				GCC_WARN_ABOUT_RETURN_TYPE = YES_ERROR;
				GCC_WARN_UNDECLARED_SELECTOR = YES;
				GCC_WARN_UNINITIALIZED_AUTOS = YES_AGGRESSIVE;
				GCC_WARN_UNUSED_FUNCTION = YES;
				GCC_WARN_UNUSED_VARIABLE = YES;
				IPHONEOS_DEPLOYMENT_TARGET = 15.2;
				MTL_ENABLE_DEBUG_INFO = INCLUDE_SOURCE;
				MTL_FAST_MATH = YES;
				ONLY_ACTIVE_ARCH = YES;
				SDKROOT = iphoneos;
				SWIFT_ACTIVE_COMPILATION_CONDITIONS = DEBUG;
				SWIFT_OPTIMIZATION_LEVEL = "-Onone";
			};
			name = Debug;
		};
		A2130E5627EBAECB00888DF9 /* Release */ = {
			isa = XCBuildConfiguration;
			buildSettings = {
				ALWAYS_SEARCH_USER_PATHS = NO;
				CLANG_ANALYZER_NONNULL = YES;
				CLANG_ANALYZER_NUMBER_OBJECT_CONVERSION = YES_AGGRESSIVE;
				CLANG_CXX_LANGUAGE_STANDARD = "gnu++17";
				CLANG_CXX_LIBRARY = "libc++";
				CLANG_ENABLE_MODULES = YES;
				CLANG_ENABLE_OBJC_ARC = YES;
				CLANG_ENABLE_OBJC_WEAK = YES;
				CLANG_WARN_BLOCK_CAPTURE_AUTORELEASING = YES;
				CLANG_WARN_BOOL_CONVERSION = YES;
				CLANG_WARN_COMMA = YES;
				CLANG_WARN_CONSTANT_CONVERSION = YES;
				CLANG_WARN_DEPRECATED_OBJC_IMPLEMENTATIONS = YES;
				CLANG_WARN_DIRECT_OBJC_ISA_USAGE = YES_ERROR;
				CLANG_WARN_DOCUMENTATION_COMMENTS = YES;
				CLANG_WARN_EMPTY_BODY = YES;
				CLANG_WARN_ENUM_CONVERSION = YES;
				CLANG_WARN_INFINITE_RECURSION = YES;
				CLANG_WARN_INT_CONVERSION = YES;
				CLANG_WARN_NON_LITERAL_NULL_CONVERSION = YES;
				CLANG_WARN_OBJC_IMPLICIT_RETAIN_SELF = YES;
				CLANG_WARN_OBJC_LITERAL_CONVERSION = YES;
				CLANG_WARN_OBJC_ROOT_CLASS = YES_ERROR;
				CLANG_WARN_QUOTED_INCLUDE_IN_FRAMEWORK_HEADER = YES;
				CLANG_WARN_RANGE_LOOP_ANALYSIS = YES;
				CLANG_WARN_STRICT_PROTOTYPES = YES;
				CLANG_WARN_SUSPICIOUS_MOVE = YES;
				CLANG_WARN_UNGUARDED_AVAILABILITY = YES_AGGRESSIVE;
				CLANG_WARN_UNREACHABLE_CODE = YES;
				CLANG_WARN__DUPLICATE_METHOD_MATCH = YES;
				COPY_PHASE_STRIP = NO;
				DEBUG_INFORMATION_FORMAT = "dwarf-with-dsym";
				ENABLE_NS_ASSERTIONS = NO;
				ENABLE_STRICT_OBJC_MSGSEND = YES;
				GCC_C_LANGUAGE_STANDARD = gnu11;
				GCC_NO_COMMON_BLOCKS = YES;
				GCC_WARN_64_TO_32_BIT_CONVERSION = YES;
				GCC_WARN_ABOUT_RETURN_TYPE = YES_ERROR;
				GCC_WARN_UNDECLARED_SELECTOR = YES;
				GCC_WARN_UNINITIALIZED_AUTOS = YES_AGGRESSIVE;
				GCC_WARN_UNUSED_FUNCTION = YES;
				GCC_WARN_UNUSED_VARIABLE = YES;
				IPHONEOS_DEPLOYMENT_TARGET = 15.2;
				MTL_ENABLE_DEBUG_INFO = NO;
				MTL_FAST_MATH = YES;
				SDKROOT = iphoneos;
				SWIFT_COMPILATION_MODE = wholemodule;
				SWIFT_OPTIMIZATION_LEVEL = "-O";
				VALIDATE_PRODUCT = YES;
			};
			name = Release;
		};
		A2130E5827EBAECB00888DF9 /* Debug */ = {
			isa = XCBuildConfiguration;
			buildSettings = {
				ASSETCATALOG_COMPILER_APPICON_NAME = AppIcon;
				ASSETCATALOG_COMPILER_GLOBAL_ACCENT_COLOR_NAME = AccentColor;
				CODE_SIGN_STYLE = Automatic;
				CURRENT_PROJECT_VERSION = 1;
				DEVELOPMENT_TEAM = ZN47MN3UTZ;
				GENERATE_INFOPLIST_FILE = YES;
				INFOPLIST_FILE = "Get In App/Info.plist";
				INFOPLIST_KEY_UIApplicationSupportsIndirectInputEvents = YES;
				INFOPLIST_KEY_UILaunchStoryboardName = LaunchScreen;
				INFOPLIST_KEY_UIMainStoryboardFile = Main;
				INFOPLIST_KEY_UISupportedInterfaceOrientations_iPad = "UIInterfaceOrientationPortrait UIInterfaceOrientationPortraitUpsideDown UIInterfaceOrientationLandscapeLeft UIInterfaceOrientationLandscapeRight";
				INFOPLIST_KEY_UISupportedInterfaceOrientations_iPhone = "UIInterfaceOrientationPortrait UIInterfaceOrientationLandscapeLeft UIInterfaceOrientationLandscapeRight";
				LD_RUNPATH_SEARCH_PATHS = (
					"$(inherited)",
					"@executable_path/Frameworks",
				);
				MARKETING_VERSION = 1.0;
				PRODUCT_BUNDLE_IDENTIFIER = "zaqui.Get-In-App";
				PRODUCT_NAME = "$(TARGET_NAME)";
				SWIFT_EMIT_LOC_STRINGS = YES;
				SWIFT_VERSION = 5.0;
				TARGETED_DEVICE_FAMILY = "1,2";
			};
			name = Debug;
		};
		A2130E5927EBAECB00888DF9 /* Release */ = {
			isa = XCBuildConfiguration;
			buildSettings = {
				ASSETCATALOG_COMPILER_APPICON_NAME = AppIcon;
				ASSETCATALOG_COMPILER_GLOBAL_ACCENT_COLOR_NAME = AccentColor;
				CODE_SIGN_STYLE = Automatic;
				CURRENT_PROJECT_VERSION = 1;
				DEVELOPMENT_TEAM = ZN47MN3UTZ;
				GENERATE_INFOPLIST_FILE = YES;
				INFOPLIST_FILE = "Get In App/Info.plist";
				INFOPLIST_KEY_UIApplicationSupportsIndirectInputEvents = YES;
				INFOPLIST_KEY_UILaunchStoryboardName = LaunchScreen;
				INFOPLIST_KEY_UIMainStoryboardFile = Main;
				INFOPLIST_KEY_UISupportedInterfaceOrientations_iPad = "UIInterfaceOrientationPortrait UIInterfaceOrientationPortraitUpsideDown UIInterfaceOrientationLandscapeLeft UIInterfaceOrientationLandscapeRight";
				INFOPLIST_KEY_UISupportedInterfaceOrientations_iPhone = "UIInterfaceOrientationPortrait UIInterfaceOrientationLandscapeLeft UIInterfaceOrientationLandscapeRight";
				LD_RUNPATH_SEARCH_PATHS = (
					"$(inherited)",
					"@executable_path/Frameworks",
				);
				MARKETING_VERSION = 1.0;
				PRODUCT_BUNDLE_IDENTIFIER = "zaqui.Get-In-App";
				PRODUCT_NAME = "$(TARGET_NAME)";
				SWIFT_EMIT_LOC_STRINGS = YES;
				SWIFT_VERSION = 5.0;
				TARGETED_DEVICE_FAMILY = "1,2";
			};
			name = Release;
		};
		A2130E5B27EBAECB00888DF9 /* Debug */ = {
			isa = XCBuildConfiguration;
			buildSettings = {
				ALWAYS_EMBED_SWIFT_STANDARD_LIBRARIES = YES;
				BUNDLE_LOADER = "$(TEST_HOST)";
				CODE_SIGN_STYLE = Automatic;
				CURRENT_PROJECT_VERSION = 1;
				DEVELOPMENT_TEAM = ZN47MN3UTZ;
				GENERATE_INFOPLIST_FILE = YES;
				IPHONEOS_DEPLOYMENT_TARGET = 15.2;
				MARKETING_VERSION = 1.0;
				PRODUCT_BUNDLE_IDENTIFIER = "zaqui.Get-In-AppTests";
				PRODUCT_NAME = "$(TARGET_NAME)";
				SWIFT_EMIT_LOC_STRINGS = NO;
				SWIFT_VERSION = 5.0;
				TARGETED_DEVICE_FAMILY = "1,2";
				TEST_HOST = "$(BUILT_PRODUCTS_DIR)/Get In App.app/Get In App";
			};
			name = Debug;
		};
		A2130E5C27EBAECB00888DF9 /* Release */ = {
			isa = XCBuildConfiguration;
			buildSettings = {
				ALWAYS_EMBED_SWIFT_STANDARD_LIBRARIES = YES;
				BUNDLE_LOADER = "$(TEST_HOST)";
				CODE_SIGN_STYLE = Automatic;
				CURRENT_PROJECT_VERSION = 1;
				DEVELOPMENT_TEAM = ZN47MN3UTZ;
				GENERATE_INFOPLIST_FILE = YES;
				IPHONEOS_DEPLOYMENT_TARGET = 15.2;
				MARKETING_VERSION = 1.0;
				PRODUCT_BUNDLE_IDENTIFIER = "zaqui.Get-In-AppTests";
				PRODUCT_NAME = "$(TARGET_NAME)";
				SWIFT_EMIT_LOC_STRINGS = NO;
				SWIFT_VERSION = 5.0;
				TARGETED_DEVICE_FAMILY = "1,2";
				TEST_HOST = "$(BUILT_PRODUCTS_DIR)/Get In App.app/Get In App";
			};
			name = Release;
		};
		A2130E5E27EBAECB00888DF9 /* Debug */ = {
			isa = XCBuildConfiguration;
			buildSettings = {
				ALWAYS_EMBED_SWIFT_STANDARD_LIBRARIES = YES;
				CODE_SIGN_STYLE = Automatic;
				CURRENT_PROJECT_VERSION = 1;
				DEVELOPMENT_TEAM = ZN47MN3UTZ;
				GENERATE_INFOPLIST_FILE = YES;
				MARKETING_VERSION = 1.0;
				PRODUCT_BUNDLE_IDENTIFIER = "zaqui.Get-In-AppUITests";
				PRODUCT_NAME = "$(TARGET_NAME)";
				SWIFT_EMIT_LOC_STRINGS = NO;
				SWIFT_VERSION = 5.0;
				TARGETED_DEVICE_FAMILY = "1,2";
				TEST_TARGET_NAME = "Get In App";
			};
			name = Debug;
		};
		A2130E5F27EBAECB00888DF9 /* Release */ = {
			isa = XCBuildConfiguration;
			buildSettings = {
				ALWAYS_EMBED_SWIFT_STANDARD_LIBRARIES = YES;
				CODE_SIGN_STYLE = Automatic;
				CURRENT_PROJECT_VERSION = 1;
				DEVELOPMENT_TEAM = ZN47MN3UTZ;
				GENERATE_INFOPLIST_FILE = YES;
				MARKETING_VERSION = 1.0;
				PRODUCT_BUNDLE_IDENTIFIER = "zaqui.Get-In-AppUITests";
				PRODUCT_NAME = "$(TARGET_NAME)";
				SWIFT_EMIT_LOC_STRINGS = NO;
				SWIFT_VERSION = 5.0;
				TARGETED_DEVICE_FAMILY = "1,2";
				TEST_TARGET_NAME = "Get In App";
			};
			name = Release;
		};
/* End XCBuildConfiguration section */

/* Begin XCConfigurationList section */
		A2130E2827EBAECA00888DF9 /* Build configuration list for PBXProject "Get In App" */ = {
			isa = XCConfigurationList;
			buildConfigurations = (
				A2130E5527EBAECB00888DF9 /* Debug */,
				A2130E5627EBAECB00888DF9 /* Release */,
			);
			defaultConfigurationIsVisible = 0;
			defaultConfigurationName = Release;
		};
		A2130E5727EBAECB00888DF9 /* Build configuration list for PBXNativeTarget "Get In App" */ = {
			isa = XCConfigurationList;
			buildConfigurations = (
				A2130E5827EBAECB00888DF9 /* Debug */,
				A2130E5927EBAECB00888DF9 /* Release */,
			);
			defaultConfigurationIsVisible = 0;
			defaultConfigurationName = Release;
		};
		A2130E5A27EBAECB00888DF9 /* Build configuration list for PBXNativeTarget "Get In AppTests" */ = {
			isa = XCConfigurationList;
			buildConfigurations = (
				A2130E5B27EBAECB00888DF9 /* Debug */,
				A2130E5C27EBAECB00888DF9 /* Release */,
			);
			defaultConfigurationIsVisible = 0;
			defaultConfigurationName = Release;
		};
		A2130E5D27EBAECB00888DF9 /* Build configuration list for PBXNativeTarget "Get In AppUITests" */ = {
			isa = XCConfigurationList;
			buildConfigurations = (
				A2130E5E27EBAECB00888DF9 /* Debug */,
				A2130E5F27EBAECB00888DF9 /* Release */,
			);
			defaultConfigurationIsVisible = 0;
			defaultConfigurationName = Release;
		};
/* End XCConfigurationList section */
	};
	rootObject = A2130E2527EBAECA00888DF9 /* Project object */;
}
